
Microsoft Visual Studio Solution File, Format Version 12.00
# Visual Studio Version 17
VisualStudioVersion = 17.4.33213.308
MinimumVisualStudioVersion = 10.0.40219.1
Project("{FAE04EC0-301F-11D3-BF4B-00C04F79EFBC}") = "AirISP", "AirISP\AirISP.csproj", "{52FB1800-340E-46AE-BD81-FBCEA6C92336}"
EndProject
Global
	GlobalSection(SolutionConfigurationPlatforms) = preSolution
		Debug|Any CPU = Debug|Any CPU
		Release|Any CPU = Release|Any CPU
	EndGlobalSection
	GlobalSection(ProjectConfigurationPlatforms) = postSolution
		{52FB1800-340E-46AE-BD81-FBCEA6C92336}.Debug|Any CPU.ActiveCfg = Debug|Any CPU
		{52FB1800-340E-46AE-BD81-FBCEA6C92336}.Debug|Any CPU.Build.0 = Debug|Any CPU
		{52FB1800-340E-46AE-BD81-FBCEA6C92336}.Release|Any CPU.ActiveCfg = Release|Any CPU
		{52FB1800-340E-46AE-BD81-FBCEA6C92336}.Release|Any CPU.Build.0 = Release|Any CPU
	EndGlobalSection
	GlobalSection(SolutionProperties) = preSolution
		HideSolutionNode = FALSE
	EndGlobalSection
	GlobalSection(ExtensibilityGlobals) = postSolution
		SolutionGuid = {00E42271-CB1B-4FDD-87F5-9B00CA8D7DAC}
	EndGlobalSection
EndGlobal
